// !$*UTF8*$!
{
	archiveVersion = 1;
	classes = {
	};
	objectVersion = 51;
	objects = {

/* Begin PBXBuildFile section */
		3D00139A25D6E6A2006DAE4E /* CountriesModal.swift in Sources */ = {isa = PBXBuildFile; fileRef = 3D00139925D6E6A2006DAE4E /* CountriesModal.swift */; };
		3D0013A725D6E8DD006DAE4E /* Networking.swift in Sources */ = {isa = PBXBuildFile; fileRef = 3D0013A625D6E8DD006DAE4E /* Networking.swift */; };
		3D46CE3425D490A60024EC30 /* CurrencyField.swift in Sources */ = {isa = PBXBuildFile; fileRef = 3D46CE3325D490A60024EC30 /* CurrencyField.swift */; };
		3D551D6425D6EB8100677C9C /* Country.swift in Sources */ = {isa = PBXBuildFile; fileRef = 3D551D6325D6EB8100677C9C /* Country.swift */; };
		3D551D6725D6F3B700677C9C /* ServerResponse.swift in Sources */ = {isa = PBXBuildFile; fileRef = 3D551D6625D6F3B700677C9C /* ServerResponse.swift */; };
		3D551D6A25D7199800677C9C /* CountryVM.swift in Sources */ = {isa = PBXBuildFile; fileRef = 3D551D6925D7199800677C9C /* CountryVM.swift */; };
		3D551D6F25D73EF300677C9C /* Conversion.swift in Sources */ = {isa = PBXBuildFile; fileRef = 3D551D6E25D73EF300677C9C /* Conversion.swift */; };
		3D81A38025D36BA900C9DA40 /* CurrenciatorApp.swift in Sources */ = {isa = PBXBuildFile; fileRef = 3D81A37F25D36BA900C9DA40 /* CurrenciatorApp.swift */; };
		3D81A38225D36BA900C9DA40 /* ContentView.swift in Sources */ = {isa = PBXBuildFile; fileRef = 3D81A38125D36BA900C9DA40 /* ContentView.swift */; };
		3D81A38425D36BAB00C9DA40 /* Assets.xcassets in Resources */ = {isa = PBXBuildFile; fileRef = 3D81A38325D36BAB00C9DA40 /* Assets.xcassets */; };
		3D81A38725D36BAB00C9DA40 /* Preview Assets.xcassets in Resources */ = {isa = PBXBuildFile; fileRef = 3D81A38625D36BAB00C9DA40 /* Preview Assets.xcassets */; };
		3D81A39225D36E0A00C9DA40 /* RoundedContainer.swift in Sources */ = {isa = PBXBuildFile; fileRef = 3D81A39125D36E0A00C9DA40 /* RoundedContainer.swift */; };
		3D81A39725D3700400C9DA40 /* CurrenciatorView.swift in Sources */ = {isa = PBXBuildFile; fileRef = 3D81A39625D3700400C9DA40 /* CurrenciatorView.swift */; };
		3D81A39D25D375DA00C9DA40 /* NumericKeypad.swift in Sources */ = {isa = PBXBuildFile; fileRef = 3D81A39C25D375DA00C9DA40 /* NumericKeypad.swift */; };
		3D81A3A625D3787300C9DA40 /* Poppins-SemiBold.ttf in Resources */ = {isa = PBXBuildFile; fileRef = 3D81A3A525D3787300C9DA40 /* Poppins-SemiBold.ttf */; };
		3D81A3A925D379A100C9DA40 /* Poppins-Regular.ttf in Resources */ = {isa = PBXBuildFile; fileRef = 3D81A3A825D379A100C9DA40 /* Poppins-Regular.ttf */; };
		3D81A3AE25D37BF100C9DA40 /* NetworkErrorView.swift in Sources */ = {isa = PBXBuildFile; fileRef = 3D81A3AD25D37BF100C9DA40 /* NetworkErrorView.swift */; };
		3D81A3B125D3821100C9DA40 /* NetworkConnection.swift in Sources */ = {isa = PBXBuildFile; fileRef = 3D81A3B025D3821100C9DA40 /* NetworkConnection.swift */; };
		3DC7C67725D48012007762A1 /* Converter.swift in Sources */ = {isa = PBXBuildFile; fileRef = 3DC7C67625D48012007762A1 /* Converter.swift */; };
		3DC7C67C25D482D2007762A1 /* ConverterVM.swift in Sources */ = {isa = PBXBuildFile; fileRef = 3DC7C67B25D482D2007762A1 /* ConverterVM.swift */; };
		4FD41D950D3852BC20B58558 /* Pods_Currenciator.framework in Frameworks */ = {isa = PBXBuildFile; fileRef = 96D455D5ED23D01832253399 /* Pods_Currenciator.framework */; };
/* End PBXBuildFile section */

/* Begin PBXFileReference section */
		082E592F99E9F51D5F2D07BE /* Pods-Currenciator.debug.xcconfig */ = {isa = PBXFileReference; includeInIndex = 1; lastKnownFileType = text.xcconfig; name = "Pods-Currenciator.debug.xcconfig"; path = "Target Support Files/Pods-Currenciator/Pods-Currenciator.debug.xcconfig"; sourceTree = "<group>"; };
		3D00139925D6E6A2006DAE4E /* CountriesModal.swift */ = {isa = PBXFileReference; lastKnownFileType = sourcecode.swift; path = CountriesModal.swift; sourceTree = "<group>"; };
		3D0013A625D6E8DD006DAE4E /* Networking.swift */ = {isa = PBXFileReference; lastKnownFileType = sourcecode.swift; path = Networking.swift; sourceTree = "<group>"; };
		3D46CE3325D490A60024EC30 /* CurrencyField.swift */ = {isa = PBXFileReference; lastKnownFileType = sourcecode.swift; path = CurrencyField.swift; sourceTree = "<group>"; };
		3D551D6325D6EB8100677C9C /* Country.swift */ = {isa = PBXFileReference; lastKnownFileType = sourcecode.swift; path = Country.swift; sourceTree = "<group>"; };
		3D551D6625D6F3B700677C9C /* ServerResponse.swift */ = {isa = PBXFileReference; lastKnownFileType = sourcecode.swift; path = ServerResponse.swift; sourceTree = "<group>"; };
		3D551D6925D7199800677C9C /* CountryVM.swift */ = {isa = PBXFileReference; lastKnownFileType = sourcecode.swift; path = CountryVM.swift; sourceTree = "<group>"; };
		3D551D6E25D73EF300677C9C /* Conversion.swift */ = {isa = PBXFileReference; lastKnownFileType = sourcecode.swift; path = Conversion.swift; sourceTree = "<group>"; };
		3D81A37C25D36BA900C9DA40 /* Currenciator.app */ = {isa = PBXFileReference; explicitFileType = wrapper.application; includeInIndex = 0; path = Currenciator.app; sourceTree = BUILT_PRODUCTS_DIR; };
		3D81A37F25D36BA900C9DA40 /* CurrenciatorApp.swift */ = {isa = PBXFileReference; lastKnownFileType = sourcecode.swift; path = CurrenciatorApp.swift; sourceTree = "<group>"; };
		3D81A38125D36BA900C9DA40 /* ContentView.swift */ = {isa = PBXFileReference; lastKnownFileType = sourcecode.swift; path = ContentView.swift; sourceTree = "<group>"; };
		3D81A38325D36BAB00C9DA40 /* Assets.xcassets */ = {isa = PBXFileReference; lastKnownFileType = folder.assetcatalog; path = Assets.xcassets; sourceTree = "<group>"; };
		3D81A38625D36BAB00C9DA40 /* Preview Assets.xcassets */ = {isa = PBXFileReference; lastKnownFileType = folder.assetcatalog; path = "Preview Assets.xcassets"; sourceTree = "<group>"; };
		3D81A38825D36BAB00C9DA40 /* Info.plist */ = {isa = PBXFileReference; lastKnownFileType = text.plist.xml; path = Info.plist; sourceTree = "<group>"; };
		3D81A39125D36E0A00C9DA40 /* RoundedContainer.swift */ = {isa = PBXFileReference; lastKnownFileType = sourcecode.swift; path = RoundedContainer.swift; sourceTree = "<group>"; };
		3D81A39625D3700400C9DA40 /* CurrenciatorView.swift */ = {isa = PBXFileReference; lastKnownFileType = sourcecode.swift; path = CurrenciatorView.swift; sourceTree = "<group>"; };
		3D81A39C25D375DA00C9DA40 /* NumericKeypad.swift */ = {isa = PBXFileReference; lastKnownFileType = sourcecode.swift; path = NumericKeypad.swift; sourceTree = "<group>"; };
		3D81A3A525D3787300C9DA40 /* Poppins-SemiBold.ttf */ = {isa = PBXFileReference; lastKnownFileType = file; path = "Poppins-SemiBold.ttf"; sourceTree = "<group>"; };
		3D81A3A825D379A100C9DA40 /* Poppins-Regular.ttf */ = {isa = PBXFileReference; lastKnownFileType = file; path = "Poppins-Regular.ttf"; sourceTree = "<group>"; };
		3D81A3AD25D37BF100C9DA40 /* NetworkErrorView.swift */ = {isa = PBXFileReference; lastKnownFileType = sourcecode.swift; path = NetworkErrorView.swift; sourceTree = "<group>"; };
		3D81A3B025D3821100C9DA40 /* NetworkConnection.swift */ = {isa = PBXFileReference; lastKnownFileType = sourcecode.swift; path = NetworkConnection.swift; sourceTree = "<group>"; };
		3DC7C67625D48012007762A1 /* Converter.swift */ = {isa = PBXFileReference; lastKnownFileType = sourcecode.swift; path = Converter.swift; sourceTree = "<group>"; };
		3DC7C67B25D482D2007762A1 /* ConverterVM.swift */ = {isa = PBXFileReference; lastKnownFileType = sourcecode.swift; path = ConverterVM.swift; sourceTree = "<group>"; };
		92E9F704B3C2616533C629F1 /* Pods-Currenciator.release.xcconfig */ = {isa = PBXFileReference; includeInIndex = 1; lastKnownFileType = text.xcconfig; name = "Pods-Currenciator.release.xcconfig"; path = "Target Support Files/Pods-Currenciator/Pods-Currenciator.release.xcconfig"; sourceTree = "<group>"; };
		96D455D5ED23D01832253399 /* Pods_Currenciator.framework */ = {isa = PBXFileReference; explicitFileType = wrapper.framework; includeInIndex = 0; path = Pods_Currenciator.framework; sourceTree = BUILT_PRODUCTS_DIR; };
/* End PBXFileReference section */

/* Begin PBXFrameworksBuildPhase section */
		3D81A37925D36BA900C9DA40 /* Frameworks */ = {
			isa = PBXFrameworksBuildPhase;
			buildActionMask = 2147483647;
			files = (
				4FD41D950D3852BC20B58558 /* Pods_Currenciator.framework in Frameworks */,
			);
			runOnlyForDeploymentPostprocessing = 0;
		};
/* End PBXFrameworksBuildPhase section */

/* Begin PBXGroup section */
		2D5AB0D07760EC52F0A6D51D /* Frameworks */ = {
			isa = PBXGroup;
			children = (
				96D455D5ED23D01832253399 /* Pods_Currenciator.framework */,
			);
			name = Frameworks;
			sourceTree = "<group>";
		};
		3D81A37325D36BA900C9DA40 = {
			isa = PBXGroup;
			children = (
				3D81A37E25D36BA900C9DA40 /* Currenciator */,
				3D81A37D25D36BA900C9DA40 /* Products */,
				4059F9EFE52029D0072C333C /* Pods */,
				2D5AB0D07760EC52F0A6D51D /* Frameworks */,
			);
			sourceTree = "<group>";
		};
		3D81A37D25D36BA900C9DA40 /* Products */ = {
			isa = PBXGroup;
			children = (
				3D81A37C25D36BA900C9DA40 /* Currenciator.app */,
			);
			name = Products;
			sourceTree = "<group>";
		};
		3D81A37E25D36BA900C9DA40 /* Currenciator */ = {
			isa = PBXGroup;
			children = (
				3DC7C67925D481CC007762A1 /* Network */,
				3DC7C67A25D48249007762A1 /* ViewModels */,
				3D81A3A025D377F600C9DA40 /* Resources */,
				3D81A39525D36F8D00C9DA40 /* Views */,
				3D81A39025D36DCD00C9DA40 /* Models */,
				3D81A37F25D36BA900C9DA40 /* CurrenciatorApp.swift */,
				3D81A38125D36BA900C9DA40 /* ContentView.swift */,
				3D81A38325D36BAB00C9DA40 /* Assets.xcassets */,
				3D81A38825D36BAB00C9DA40 /* Info.plist */,
				3D81A38525D36BAB00C9DA40 /* Preview Content */,
			);
			path = Currenciator;
			sourceTree = "<group>";
		};
		3D81A38525D36BAB00C9DA40 /* Preview Content */ = {
			isa = PBXGroup;
			children = (
				3D81A38625D36BAB00C9DA40 /* Preview Assets.xcassets */,
			);
			path = "Preview Content";
			sourceTree = "<group>";
		};
		3D81A38F25D36DC500C9DA40 /* Components */ = {
			isa = PBXGroup;
			children = (
				3D81A39125D36E0A00C9DA40 /* RoundedContainer.swift */,
				3D81A39C25D375DA00C9DA40 /* NumericKeypad.swift */,
				3D46CE3325D490A60024EC30 /* CurrencyField.swift */,
				3D00139925D6E6A2006DAE4E /* CountriesModal.swift */,
			);
			path = Components;
			sourceTree = "<group>";
		};
		3D81A39025D36DCD00C9DA40 /* Models */ = {
			isa = PBXGroup;
			children = (
				3DC7C67625D48012007762A1 /* Converter.swift */,
				3D551D6325D6EB8100677C9C /* Country.swift */,
				3D551D6E25D73EF300677C9C /* Conversion.swift */,
			);
			path = Models;
			sourceTree = "<group>";
		};
		3D81A39525D36F8D00C9DA40 /* Views */ = {
			isa = PBXGroup;
			children = (
				3D81A39A25D3701900C9DA40 /* Screens */,
				3D81A38F25D36DC500C9DA40 /* Components */,
			);
			path = Views;
			sourceTree = "<group>";
		};
		3D81A39A25D3701900C9DA40 /* Screens */ = {
			isa = PBXGroup;
			children = (
				3D81A39625D3700400C9DA40 /* CurrenciatorView.swift */,
				3D81A3AD25D37BF100C9DA40 /* NetworkErrorView.swift */,
			);
			path = Screens;
			sourceTree = "<group>";
		};
		3D81A39F25D377A100C9DA40 /* Fonts */ = {
			isa = PBXGroup;
			children = (
				3D81A3A825D379A100C9DA40 /* Poppins-Regular.ttf */,
				3D81A3A525D3787300C9DA40 /* Poppins-SemiBold.ttf */,
			);
			path = Fonts;
			sourceTree = "<group>";
		};
		3D81A3A025D377F600C9DA40 /* Resources */ = {
			isa = PBXGroup;
			children = (
				3D81A39F25D377A100C9DA40 /* Fonts */,
			);
			path = Resources;
			sourceTree = "<group>";
		};
		3DC7C67925D481CC007762A1 /* Network */ = {
			isa = PBXGroup;
			children = (
				3D81A3B025D3821100C9DA40 /* NetworkConnection.swift */,
				3D0013A625D6E8DD006DAE4E /* Networking.swift */,
				3D551D6625D6F3B700677C9C /* ServerResponse.swift */,
			);
			path = Network;
			sourceTree = "<group>";
		};
		3DC7C67A25D48249007762A1 /* ViewModels */ = {
			isa = PBXGroup;
			children = (
				3DC7C67B25D482D2007762A1 /* ConverterVM.swift */,
				3D551D6925D7199800677C9C /* CountryVM.swift */,
			);
			path = ViewModels;
			sourceTree = "<group>";
		};
		4059F9EFE52029D0072C333C /* Pods */ = {
			isa = PBXGroup;
			children = (
				082E592F99E9F51D5F2D07BE /* Pods-Currenciator.debug.xcconfig */,
				92E9F704B3C2616533C629F1 /* Pods-Currenciator.release.xcconfig */,
			);
			path = Pods;
			sourceTree = "<group>";
		};
/* End PBXGroup section */

/* Begin PBXNativeTarget section */
		3D81A37B25D36BA900C9DA40 /* Currenciator */ = {
			isa = PBXNativeTarget;
			buildConfigurationList = 3D81A38B25D36BAB00C9DA40 /* Build configuration list for PBXNativeTarget "Currenciator" */;
			buildPhases = (
				B6CF036CE04F0E25296A76A6 /* [CP] Check Pods Manifest.lock */,
				3D81A37825D36BA900C9DA40 /* Sources */,
				3D81A37925D36BA900C9DA40 /* Frameworks */,
				3D81A37A25D36BA900C9DA40 /* Resources */,
				5EE859517DD27EB9B6EBD9E9 /* [CP] Embed Pods Frameworks */,
			);
			buildRules = (
			);
			dependencies = (
			);
			name = Currenciator;
			productName = Currenciator;
			productReference = 3D81A37C25D36BA900C9DA40 /* Currenciator.app */;
			productType = "com.apple.product-type.application";
		};
/* End PBXNativeTarget section */

/* Begin PBXProject section */
		3D81A37425D36BA900C9DA40 /* Project object */ = {
			isa = PBXProject;
			attributes = {
				LastSwiftUpdateCheck = 1230;
				LastUpgradeCheck = 1230;
				TargetAttributes = {
					3D81A37B25D36BA900C9DA40 = {
						CreatedOnToolsVersion = 12.3;
					};
				};
			};
			buildConfigurationList = 3D81A37725D36BA900C9DA40 /* Build configuration list for PBXProject "Currenciator" */;
			compatibilityVersion = "Xcode 9.3";
			developmentRegion = en;
			hasScannedForEncodings = 0;
			knownRegions = (
				en,
				Base,
			);
			mainGroup = 3D81A37325D36BA900C9DA40;
			productRefGroup = 3D81A37D25D36BA900C9DA40 /* Products */;
			projectDirPath = "";
			projectRoot = "";
			targets = (
				3D81A37B25D36BA900C9DA40 /* Currenciator */,
			);
		};
/* End PBXProject section */

/* Begin PBXResourcesBuildPhase section */
		3D81A37A25D36BA900C9DA40 /* Resources */ = {
			isa = PBXResourcesBuildPhase;
			buildActionMask = 2147483647;
			files = (
				3D81A3A625D3787300C9DA40 /* Poppins-SemiBold.ttf in Resources */,
				3D81A38725D36BAB00C9DA40 /* Preview Assets.xcassets in Resources */,
				3D81A38425D36BAB00C9DA40 /* Assets.xcassets in Resources */,
				3D81A3A925D379A100C9DA40 /* Poppins-Regular.ttf in Resources */,
			);
			runOnlyForDeploymentPostprocessing = 0;
		};
/* End PBXResourcesBuildPhase section */

/* Begin PBXShellScriptBuildPhase section */
		5EE859517DD27EB9B6EBD9E9 /* [CP] Embed Pods Frameworks */ = {
			isa = PBXShellScriptBuildPhase;
			buildActionMask = 2147483647;
			files = (
			);
			inputFileListPaths = (
				"${PODS_ROOT}/Target Support Files/Pods-Currenciator/Pods-Currenciator-frameworks-${CONFIGURATION}-input-files.xcfilelist",
			);
			name = "[CP] Embed Pods Frameworks";
			outputFileListPaths = (
				"${PODS_ROOT}/Target Support Files/Pods-Currenciator/Pods-Currenciator-frameworks-${CONFIGURATION}-output-files.xcfilelist",
			);
			runOnlyForDeploymentPostprocessing = 0;
			shellPath = /bin/sh;
			shellScript = "\"${PODS_ROOT}/Target Support Files/Pods-Currenciator/Pods-Currenciator-frameworks.sh\"\n";
			showEnvVarsInLog = 0;
		};
		B6CF036CE04F0E25296A76A6 /* [CP] Check Pods Manifest.lock */ = {
			isa = PBXShellScriptBuildPhase;
			buildActionMask = 2147483647;
			files = (
			);
			inputFileListPaths = (
			);
			inputPaths = (
				"${PODS_PODFILE_DIR_PATH}/Podfile.lock",
				"${PODS_ROOT}/Manifest.lock",
			);
			name = "[CP] Check Pods Manifest.lock";
			outputFileListPaths = (
			);
			outputPaths = (
				"$(DERIVED_FILE_DIR)/Pods-Currenciator-checkManifestLockResult.txt",
			);
			runOnlyForDeploymentPostprocessing = 0;
			shellPath = /bin/sh;
			shellScript = "diff \"${PODS_PODFILE_DIR_PATH}/Podfile.lock\" \"${PODS_ROOT}/Manifest.lock\" > /dev/null\nif [ $? != 0 ] ; then\n    # print error to STDERR\n    echo \"error: The sandbox is not in sync with the Podfile.lock. Run 'pod install' or update your CocoaPods installation.\" >&2\n    exit 1\nfi\n# This output is used by Xcode 'outputs' to avoid re-running this script phase.\necho \"SUCCESS\" > \"${SCRIPT_OUTPUT_FILE_0}\"\n";
			showEnvVarsInLog = 0;
		};
/* End PBXShellScriptBuildPhase section */

/* Begin PBXSourcesBuildPhase section */
		3D81A37825D36BA900C9DA40 /* Sources */ = {
			isa = PBXSourcesBuildPhase;
			buildActionMask = 2147483647;
			files = (
				3D81A38225D36BA900C9DA40 /* ContentView.swift in Sources */,
				3D551D6F25D73EF300677C9C /* Conversion.swift in Sources */,
				3D0013A725D6E8DD006DAE4E /* Networking.swift in Sources */,
				3D00139A25D6E6A2006DAE4E /* CountriesModal.swift in Sources */,
				3D81A39725D3700400C9DA40 /* CurrenciatorView.swift in Sources */,
				3D81A38025D36BA900C9DA40 /* CurrenciatorApp.swift in Sources */,
				3D551D6725D6F3B700677C9C /* ServerResponse.swift in Sources */,
				3D81A39225D36E0A00C9DA40 /* RoundedContainer.swift in Sources */,
				3DC7C67725D48012007762A1 /* Converter.swift in Sources */,
				3DC7C67C25D482D2007762A1 /* ConverterVM.swift in Sources */,
				3D551D6A25D7199800677C9C /* CountryVM.swift in Sources */,
				3D81A3B125D3821100C9DA40 /* NetworkConnection.swift in Sources */,
				3D46CE3425D490A60024EC30 /* CurrencyField.swift in Sources */,
				3D81A3AE25D37BF100C9DA40 /* NetworkErrorView.swift in Sources */,
				3D551D6425D6EB8100677C9C /* Country.swift in Sources */,
				3D81A39D25D375DA00C9DA40 /* NumericKeypad.swift in Sources */,
			);
			runOnlyForDeploymentPostprocessing = 0;
		};
/* End PBXSourcesBuildPhase section */

/* Begin XCBuildConfiguration section */
		3D81A38925D36BAB00C9DA40 /* Debug */ = {
			isa = XCBuildConfiguration;
			buildSettings = {
				ALWAYS_SEARCH_USER_PATHS = NO;
				CLANG_ANALYZER_NONNULL = YES;
				CLANG_ANALYZER_NUMBER_OBJECT_CONVERSION = YES_AGGRESSIVE;
				CLANG_CXX_LANGUAGE_STANDARD = "gnu++14";
				CLANG_CXX_LIBRARY = "libc++";
				CLANG_ENABLE_MODULES = YES;
				CLANG_ENABLE_OBJC_ARC = YES;
				CLANG_ENABLE_OBJC_WEAK = YES;
				CLANG_WARN_BLOCK_CAPTURE_AUTORELEASING = YES;
				CLANG_WARN_BOOL_CONVERSION = YES;
				CLANG_WARN_COMMA = YES;
				CLANG_WARN_CONSTANT_CONVERSION = YES;
				CLANG_WARN_DEPRECATED_OBJC_IMPLEMENTATIONS = YES;
				CLANG_WARN_DIRECT_OBJC_ISA_USAGE = YES_ERROR;
				CLANG_WARN_DOCUMENTATION_COMMENTS = YES;
				CLANG_WARN_EMPTY_BODY = YES;
				CLANG_WARN_ENUM_CONVERSION = YES;
				CLANG_WARN_INFINITE_RECURSION = YES;
				CLANG_WARN_INT_CONVERSION = YES;
				CLANG_WARN_NON_LITERAL_NULL_CONVERSION = YES;
				CLANG_WARN_OBJC_IMPLICIT_RETAIN_SELF = YES;
				CLANG_WARN_OBJC_LITERAL_CONVERSION = YES;
				CLANG_WARN_OBJC_ROOT_CLASS = YES_ERROR;
				CLANG_WARN_QUOTED_INCLUDE_IN_FRAMEWORK_HEADER = YES;
				CLANG_WARN_RANGE_LOOP_ANALYSIS = YES;
				CLANG_WARN_STRICT_PROTOTYPES = YES;
				CLANG_WARN_SUSPICIOUS_MOVE = YES;
				CLANG_WARN_UNGUARDED_AVAILABILITY = YES_AGGRESSIVE;
				CLANG_WARN_UNREACHABLE_CODE = YES;
				CLANG_WARN__DUPLICATE_METHOD_MATCH = YES;
				COPY_PHASE_STRIP = NO;
				DEBUG_INFORMATION_FORMAT = dwarf;
				ENABLE_STRICT_OBJC_MSGSEND = YES;
				ENABLE_TESTABILITY = YES;
				GCC_C_LANGUAGE_STANDARD = gnu11;
				GCC_DYNAMIC_NO_PIC = NO;
				GCC_NO_COMMON_BLOCKS = YES;
				GCC_OPTIMIZATION_LEVEL = 0;
				GCC_PREPROCESSOR_DEFINITIONS = (
					"DEBUG=1",
					"$(inherited)",
				);
				GCC_WARN_64_TO_32_BIT_CONVERSION = YES;
				GCC_WARN_ABOUT_RETURN_TYPE = YES_ERROR;
				GCC_WARN_UNDECLARED_SELECTOR = YES;
				GCC_WARN_UNINITIALIZED_AUTOS = YES_AGGRESSIVE;
				GCC_WARN_UNUSED_FUNCTION = YES;
				GCC_WARN_UNUSED_VARIABLE = YES;
				IPHONEOS_DEPLOYMENT_TARGET = 14.3;
				MTL_ENABLE_DEBUG_INFO = INCLUDE_SOURCE;
				MTL_FAST_MATH = YES;
				ONLY_ACTIVE_ARCH = YES;
				SDKROOT = iphoneos;
				SWIFT_ACTIVE_COMPILATION_CONDITIONS = DEBUG;
				SWIFT_OPTIMIZATION_LEVEL = "-Onone";
			};
			name = Debug;
		};
		3D81A38A25D36BAB00C9DA40 /* Release */ = {
			isa = XCBuildConfiguration;
			buildSettings = {
				ALWAYS_SEARCH_USER_PATHS = NO;
				CLANG_ANALYZER_NONNULL = YES;
				CLANG_ANALYZER_NUMBER_OBJECT_CONVERSION = YES_AGGRESSIVE;
				CLANG_CXX_LANGUAGE_STANDARD = "gnu++14";
				CLANG_CXX_LIBRARY = "libc++";
				CLANG_ENABLE_MODULES = YES;
				CLANG_ENABLE_OBJC_ARC = YES;
				CLANG_ENABLE_OBJC_WEAK = YES;
				CLANG_WARN_BLOCK_CAPTURE_AUTORELEASING = YES;
				CLANG_WARN_BOOL_CONVERSION = YES;
				CLANG_WARN_COMMA = YES;
				CLANG_WARN_CONSTANT_CONVERSION = YES;
				CLANG_WARN_DEPRECATED_OBJC_IMPLEMENTATIONS = YES;
				CLANG_WARN_DIRECT_OBJC_ISA_USAGE = YES_ERROR;
				CLANG_WARN_DOCUMENTATION_COMMENTS = YES;
				CLANG_WARN_EMPTY_BODY = YES;
				CLANG_WARN_ENUM_CONVERSION = YES;
				CLANG_WARN_INFINITE_RECURSION = YES;
				CLANG_WARN_INT_CONVERSION = YES;
				CLANG_WARN_NON_LITERAL_NULL_CONVERSION = YES;
				CLANG_WARN_OBJC_IMPLICIT_RETAIN_SELF = YES;
				CLANG_WARN_OBJC_LITERAL_CONVERSION = YES;
				CLANG_WARN_OBJC_ROOT_CLASS = YES_ERROR;
				CLANG_WARN_QUOTED_INCLUDE_IN_FRAMEWORK_HEADER = YES;
				CLANG_WARN_RANGE_LOOP_ANALYSIS = YES;
				CLANG_WARN_STRICT_PROTOTYPES = YES;
				CLANG_WARN_SUSPICIOUS_MOVE = YES;
				CLANG_WARN_UNGUARDED_AVAILABILITY = YES_AGGRESSIVE;
				CLANG_WARN_UNREACHABLE_CODE = YES;
				CLANG_WARN__DUPLICATE_METHOD_MATCH = YES;
				COPY_PHASE_STRIP = NO;
				DEBUG_INFORMATION_FORMAT = "dwarf-with-dsym";
				ENABLE_NS_ASSERTIONS = NO;
				ENABLE_STRICT_OBJC_MSGSEND = YES;
				GCC_C_LANGUAGE_STANDARD = gnu11;
				GCC_NO_COMMON_BLOCKS = YES;
				GCC_WARN_64_TO_32_BIT_CONVERSION = YES;
				GCC_WARN_ABOUT_RETURN_TYPE = YES_ERROR;
				GCC_WARN_UNDECLARED_SELECTOR = YES;
				GCC_WARN_UNINITIALIZED_AUTOS = YES_AGGRESSIVE;
				GCC_WARN_UNUSED_FUNCTION = YES;
				GCC_WARN_UNUSED_VARIABLE = YES;
				IPHONEOS_DEPLOYMENT_TARGET = 14.3;
				MTL_ENABLE_DEBUG_INFO = NO;
				MTL_FAST_MATH = YES;
				SDKROOT = iphoneos;
				SWIFT_COMPILATION_MODE = wholemodule;
				SWIFT_OPTIMIZATION_LEVEL = "-O";
				VALIDATE_PRODUCT = YES;
			};
			name = Release;
		};
		3D81A38C25D36BAB00C9DA40 /* Debug */ = {
			isa = XCBuildConfiguration;
			baseConfigurationReference = 082E592F99E9F51D5F2D07BE /* Pods-Currenciator.debug.xcconfig */;
			buildSettings = {
				ASSETCATALOG_COMPILER_APPICON_NAME = AppIcon;
				ASSETCATALOG_COMPILER_GLOBAL_ACCENT_COLOR_NAME = AccentColor;
				CODE_SIGN_STYLE = Automatic;
				DEVELOPMENT_ASSET_PATHS = "\"Currenciator/Preview Content\"";
				DEVELOPMENT_TEAM = 9TP4HMDZ7W;
				ENABLE_PREVIEWS = YES;
				INFOPLIST_FILE = Currenciator/Info.plist;
				IPHONEOS_DEPLOYMENT_TARGET = 14.0;
				LD_RUNPATH_SEARCH_PATHS = (
					"$(inherited)",
					"@executable_path/Frameworks",
				);
				PRODUCT_BUNDLE_IDENTIFIER = juandahurt.Currenciator;
				PRODUCT_NAME = "$(TARGET_NAME)";
				SWIFT_VERSION = 5.0;
				TARGETED_DEVICE_FAMILY = "1,2";
			};
			name = Debug;
		};
		3D81A38D25D36BAB00C9DA40 /* Release */ = {
			isa = XCBuildConfiguration;
			baseConfigurationReference = 92E9F704B3C2616533C629F1 /* Pods-Currenciator.release.xcconfig */;
			buildSettings = {
				ASSETCATALOG_COMPILER_APPICON_NAME = AppIcon;
				ASSETCATALOG_COMPILER_GLOBAL_ACCENT_COLOR_NAME = AccentColor;
				CODE_SIGN_STYLE = Automatic;
				DEVELOPMENT_ASSET_PATHS = "\"Currenciator/Preview Content\"";
				DEVELOPMENT_TEAM = 9TP4HMDZ7W;
				ENABLE_PREVIEWS = YES;
				INFOPLIST_FILE = Currenciator/Info.plist;
				IPHONEOS_DEPLOYMENT_TARGET = 14.0;
				LD_RUNPATH_SEARCH_PATHS = (
					"$(inherited)",
					"@executable_path/Frameworks",
				);
				PRODUCT_BUNDLE_IDENTIFIER = juandahurt.Currenciator;
				PRODUCT_NAME = "$(TARGET_NAME)";
				SWIFT_VERSION = 5.0;
				TARGETED_DEVICE_FAMILY = "1,2";
			};
			name = Release;
		};
/* End XCBuildConfiguration section */

/* Begin XCConfigurationList section */
		3D81A37725D36BA900C9DA40 /* Build configuration list for PBXProject "Currenciator" */ = {
			isa = XCConfigurationList;
			buildConfigurations = (
				3D81A38925D36BAB00C9DA40 /* Debug */,
				3D81A38A25D36BAB00C9DA40 /* Release */,
			);
			defaultConfigurationIsVisible = 0;
			defaultConfigurationName = Release;
		};
		3D81A38B25D36BAB00C9DA40 /* Build configuration list for PBXNativeTarget "Currenciator" */ = {
			isa = XCConfigurationList;
			buildConfigurations = (
				3D81A38C25D36BAB00C9DA40 /* Debug */,
				3D81A38D25D36BAB00C9DA40 /* Release */,
			);
			defaultConfigurationIsVisible = 0;
			defaultConfigurationName = Release;
		};
/* End XCConfigurationList section */
	};
	rootObject = 3D81A37425D36BA900C9DA40 /* Project object */;
}
